# This file is automatically @generated by Poetry and should not be changed by hand.

[[package]]
name = "aiosqlite"
version = "0.18.0"
description = "asyncio bridge to the standard sqlite3 module"
category = "main"
optional = false
python-versions = ">=3.7"
files = [
    {file = "aiosqlite-0.18.0-py3-none-any.whl", hash = "sha256:c3511b841e3a2c5614900ba1d179f366826857586f78abd75e7cbeb88e75a557"},
    {file = "aiosqlite-0.18.0.tar.gz", hash = "sha256:faa843ef5fb08bafe9a9b3859012d3d9d6f77ce3637899de20606b7fc39aa213"},
]

[[package]]
name = "anyio"
version = "3.6.2"
description = "High level compatibility layer for multiple asynchronous event loop implementations"
category = "main"
optional = false
python-versions = ">=3.6.2"
files = [
    {file = "anyio-3.6.2-py3-none-any.whl", hash = "sha256:fbbe32bd270d2a2ef3ed1c5d45041250284e31fc0a4df4a5a6071842051a51e3"},
    {file = "anyio-3.6.2.tar.gz", hash = "sha256:25ea0d673ae30af41a0c442f81cf3b38c7e79fdc7b60335a4c14e05eb0947421"},
]

[package.dependencies]
idna = ">=2.8"
sniffio = ">=1.1"

[package.extras]
doc = ["packaging", "sphinx-autodoc-typehints (>=1.2.0)", "sphinx-rtd-theme"]
test = ["contextlib2", "coverage[toml] (>=4.5)", "hypothesis (>=4.0)", "mock (>=4)", "pytest (>=7.0)", "pytest-mock (>=3.6.1)", "trustme", "uvloop (<0.15)", "uvloop (>=0.15)"]
trio = ["trio (>=0.16,<0.22)"]

[[package]]
name = "black"
version = "22.12.0"
description = "The uncompromising code formatter."
category = "dev"
optional = false
python-versions = ">=3.7"
files = [
    {file = "black-22.12.0-cp310-cp310-manylinux_2_17_x86_64.manylinux2014_x86_64.whl", hash = "sha256:9eedd20838bd5d75b80c9f5487dbcb06836a43833a37846cf1d8c1cc01cef59d"},
    {file = "black-22.12.0-cp310-cp310-win_amd64.whl", hash = "sha256:159a46a4947f73387b4d83e87ea006dbb2337eab6c879620a3ba52699b1f4351"},
    {file = "black-22.12.0-cp311-cp311-manylinux_2_17_x86_64.manylinux2014_x86_64.whl", hash = "sha256:d30b212bffeb1e252b31dd269dfae69dd17e06d92b87ad26e23890f3efea366f"},
    {file = "black-22.12.0-cp311-cp311-win_amd64.whl", hash = "sha256:7412e75863aa5c5411886804678b7d083c7c28421210180d67dfd8cf1221e1f4"},
    {file = "black-22.12.0-cp37-cp37m-manylinux_2_17_x86_64.manylinux2014_x86_64.whl", hash = "sha256:c116eed0efb9ff870ded8b62fe9f28dd61ef6e9ddd28d83d7d264a38417dcee2"},
    {file = "black-22.12.0-cp37-cp37m-win_amd64.whl", hash = "sha256:1f58cbe16dfe8c12b7434e50ff889fa479072096d79f0a7f25e4ab8e94cd8350"},
    {file = "black-22.12.0-cp38-cp38-manylinux_2_17_x86_64.manylinux2014_x86_64.whl", hash = "sha256:77d86c9f3db9b1bf6761244bc0b3572a546f5fe37917a044e02f3166d5aafa7d"},
    {file = "black-22.12.0-cp38-cp38-win_amd64.whl", hash = "sha256:82d9fe8fee3401e02e79767016b4907820a7dc28d70d137eb397b92ef3cc5bfc"},
    {file = "black-22.12.0-cp39-cp39-manylinux_2_17_x86_64.manylinux2014_x86_64.whl", hash = "sha256:101c69b23df9b44247bd88e1d7e90154336ac4992502d4197bdac35dd7ee3320"},
    {file = "black-22.12.0-cp39-cp39-win_amd64.whl", hash = "sha256:559c7a1ba9a006226f09e4916060982fd27334ae1998e7a38b3f33a37f7a2148"},
    {file = "black-22.12.0-py3-none-any.whl", hash = "sha256:436cc9167dd28040ad90d3b404aec22cedf24a6e4d7de221bec2730ec0c97bcf"},
    {file = "black-22.12.0.tar.gz", hash = "sha256:229351e5a18ca30f447bf724d007f890f97e13af070bb6ad4c0a441cd7596a2f"},
]

[package.dependencies]
click = ">=8.0.0"
mypy-extensions = ">=0.4.3"
pathspec = ">=0.9.0"
platformdirs = ">=2"

[package.extras]
colorama = ["colorama (>=0.4.3)"]
d = ["aiohttp (>=3.7.4)"]
jupyter = ["ipython (>=7.8.0)", "tokenize-rt (>=3.2.0)"]
uvloop = ["uvloop (>=0.15.2)"]

[[package]]
name = "certifi"
version = "2022.12.7"
description = "Python package for providing Mozilla's CA Bundle."
category = "main"
optional = false
python-versions = ">=3.6"
files = [
    {file = "certifi-2022.12.7-py3-none-any.whl", hash = "sha256:4ad3232f5e926d6718ec31cfc1fcadfde020920e278684144551c91769c7bc18"},
    {file = "certifi-2022.12.7.tar.gz", hash = "sha256:35824b4c3a97115964b408844d64aa14db1cc518f6562e8d7261699d1350a9e3"},
]

[[package]]
name = "click"
version = "8.1.3"
description = "Composable command line interface toolkit"
category = "dev"
optional = false
python-versions = ">=3.7"
files = [
    {file = "click-8.1.3-py3-none-any.whl", hash = "sha256:bb4d8133cb15a609f44e8213d9b391b0809795062913b383c62be0ee95b1db48"},
    {file = "click-8.1.3.tar.gz", hash = "sha256:7682dc8afb30297001674575ea00d1814d808d6a36af415a82bd481d37ba7b8e"},
]

[package.dependencies]
colorama = {version = "*", markers = "platform_system == \"Windows\""}

[[package]]
name = "colorama"
version = "0.4.6"
description = "Cross-platform colored terminal text."
category = "dev"
optional = false
python-versions = "!=3.0.*,!=3.1.*,!=3.2.*,!=3.3.*,!=3.4.*,!=3.5.*,!=3.6.*,>=2.7"
files = [
    {file = "colorama-0.4.6-py2.py3-none-any.whl", hash = "sha256:4f1d9991f5acc0ca119f9d443620b77f9d6b33703e51011c16baf57afb285fc6"},
    {file = "colorama-0.4.6.tar.gz", hash = "sha256:08695f5cb7ed6e0531a20572697297273c47b8cae5a63ffc6d6ed5c201be6e44"},
]

[[package]]
name = "docopt"
version = "0.6.2"
description = "Pythonic argument parser, that will make you smile"
category = "main"
optional = false
python-versions = "*"
files = [
    {file = "docopt-0.6.2.tar.gz", hash = "sha256:49b3a825280bd66b3aa83585ef59c4a8c82f2c8a522dbe754a8bc8d08c85c491"},
]

[[package]]
name = "h11"
version = "0.14.0"
description = "A pure-Python, bring-your-own-I/O implementation of HTTP/1.1"
category = "main"
optional = false
python-versions = ">=3.7"
files = [
    {file = "h11-0.14.0-py3-none-any.whl", hash = "sha256:e3fe4ac4b851c468cc8363d500db52c2ead036020723024a109d37346efaa761"},
    {file = "h11-0.14.0.tar.gz", hash = "sha256:8f19fbbe99e72420ff35c00b27a34cb9937e902a8b810e2c88300c6f0a3b699d"},
]

[[package]]
name = "httpcore"
version = "0.16.3"
description = "A minimal low-level HTTP client."
category = "main"
optional = false
python-versions = ">=3.7"
files = [
    {file = "httpcore-0.16.3-py3-none-any.whl", hash = "sha256:da1fb708784a938aa084bde4feb8317056c55037247c787bd7e19eb2c2949dc0"},
    {file = "httpcore-0.16.3.tar.gz", hash = "sha256:c5d6f04e2fc530f39e0c077e6a30caa53f1451096120f1f38b954afd0b17c0cb"},
]

[package.dependencies]
anyio = ">=3.0,<5.0"
certifi = "*"
h11 = ">=0.13,<0.15"
sniffio = ">=1.0.0,<2.0.0"

[package.extras]
http2 = ["h2 (>=3,<5)"]
socks = ["socksio (>=1.0.0,<2.0.0)"]

[[package]]
name = "httpx"
version = "0.23.3"
description = "The next generation HTTP client."
category = "main"
optional = false
python-versions = ">=3.7"
files = [
    {file = "httpx-0.23.3-py3-none-any.whl", hash = "sha256:a211fcce9b1254ea24f0cd6af9869b3d29aba40154e947d2a07bb499b3e310d6"},
    {file = "httpx-0.23.3.tar.gz", hash = "sha256:9818458eb565bb54898ccb9b8b251a28785dd4a55afbc23d0eb410754fe7d0f9"},
]

[package.dependencies]
certifi = "*"
httpcore = ">=0.15.0,<0.17.0"
rfc3986 = {version = ">=1.3,<2", extras = ["idna2008"]}
sniffio = "*"

[package.extras]
brotli = ["brotli", "brotlicffi"]
cli = ["click (>=8.0.0,<9.0.0)", "pygments (>=2.0.0,<3.0.0)", "rich (>=10,<13)"]
http2 = ["h2 (>=3,<5)"]
socks = ["socksio (>=1.0.0,<2.0.0)"]

[[package]]
name = "idna"
version = "3.4"
description = "Internationalized Domain Names in Applications (IDNA)"
category = "main"
optional = false
python-versions = ">=3.5"
files = [
    {file = "idna-3.4-py3-none-any.whl", hash = "sha256:90b77e79eaa3eba6de819a0c442c0b4ceefc341a7a2ab77d7562bf49f425c5c2"},
    {file = "idna-3.4.tar.gz", hash = "sha256:814f528e8dead7d329833b91c5faa87d60bf71824cd12a7530b5526063d02cb4"},
]

[[package]]
name = "mypy-extensions"
version = "0.4.3"
description = "Experimental type system extensions for programs checked with the mypy typechecker."
category = "dev"
optional = false
python-versions = "*"
files = [
    {file = "mypy_extensions-0.4.3-py2.py3-none-any.whl", hash = "sha256:090fedd75945a69ae91ce1303b5824f428daf5a028d2f6ab8a299250a846f15d"},
    {file = "mypy_extensions-0.4.3.tar.gz", hash = "sha256:2d82818f5bb3e369420cb3c4060a7970edba416647068eb4c5343488a6c604a8"},
]

[[package]]
name = "num2words"
version = "0.5.12"
description = "Modules to convert numbers to words. Easily extensible."
category = "main"
optional = false
python-versions = "*"
files = [
    {file = "num2words-0.5.12-py3-none-any.whl", hash = "sha256:9eeef488658226ab36818c06d7aeb956d19b530fb62030596b6802fb4659f30e"},
    {file = "num2words-0.5.12.tar.gz", hash = "sha256:7e7c0b0f080405aa3a1dd9d32b1ca90b3bf03bab17b8e54db05e1b78301a0988"},
]

[package.dependencies]
docopt = ">=0.6.2"

[[package]]
name = "pathspec"
version = "0.10.3"
description = "Utility library for gitignore style pattern matching of file paths."
category = "dev"
optional = false
python-versions = ">=3.7"
files = [
    {file = "pathspec-0.10.3-py3-none-any.whl", hash = "sha256:3c95343af8b756205e2aba76e843ba9520a24dd84f68c22b9f93251507509dd6"},
    {file = "pathspec-0.10.3.tar.gz", hash = "sha256:56200de4077d9d0791465aa9095a01d421861e405b5096955051deefd697d6f6"},
]

[[package]]
name = "platformdirs"
version = "2.6.2"
description = "A small Python package for determining appropriate platform-specific dirs, e.g. a \"user data dir\"."
category = "dev"
optional = false
python-versions = ">=3.7"
files = [
    {file = "platformdirs-2.6.2-py3-none-any.whl", hash = "sha256:83c8f6d04389165de7c9b6f0c682439697887bca0aa2f1c87ef1826be3584490"},
    {file = "platformdirs-2.6.2.tar.gz", hash = "sha256:e1fea1fe471b9ff8332e229df3cb7de4f53eeea4998d3b6bfff542115e998bd2"},
]

[package.extras]
docs = ["furo (>=2022.12.7)", "proselint (>=0.13)", "sphinx (>=5.3)", "sphinx-autodoc-typehints (>=1.19.5)"]
test = ["appdirs (==1.4.4)", "covdefaults (>=2.2.2)", "pytest (>=7.2)", "pytest-cov (>=4)", "pytest-mock (>=3.10)"]

[[package]]
name = "python-telegram-bot"
version = "20.0"
description = "We have made you a wrapper you can't refuse"
category = "main"
optional = false
python-versions = ">=3.7"
files = [
    {file = "python-telegram-bot-20.0.tar.gz", hash = "sha256:9ff3d7b03d0e621df6c903622338e30d761e121c27179e13f62ba2216b7c6d32"},
    {file = "python_telegram_bot-20.0-py3-none-any.whl", hash = "sha256:2f7f0a0eee6517ffb3e9732b622b5c97c107517f35dc2a97273c74cb5ed39e9d"},
]

[package.dependencies]
httpx = ">=0.23.1,<0.24.0"

[package.extras]
all = ["APScheduler (>=3.9.1,<3.10.0)", "aiolimiter (>=1.0.0,<1.1.0)", "cachetools (>=5.2.0,<5.3.0)", "cryptography (>=3.0,!=3.4,!=3.4.1,!=3.4.2,!=3.4.3)", "httpx[socks]", "pytz (>=2018.6)", "tornado (>=6.2,<7.0)"]
callback-data = ["cachetools (>=5.2.0,<5.3.0)"]
ext = ["APScheduler (>=3.9.1,<3.10.0)", "aiolimiter (>=1.0.0,<1.1.0)", "cachetools (>=5.2.0,<5.3.0)", "pytz (>=2018.6)", "tornado (>=6.2,<7.0)"]
job-queue = ["APScheduler (>=3.9.1,<3.10.0)", "pytz (>=2018.6)"]
passport = ["cryptography (>=3.0,!=3.4,!=3.4.1,!=3.4.2,!=3.4.3)"]
rate-limiter = ["aiolimiter (>=1.0.0,<1.1.0)"]
socks = ["httpx[socks]"]
webhooks = ["tornado (>=6.2,<7.0)"]

[[package]]
name = "rfc3986"
version = "1.5.0"
description = "Validating URI References per RFC 3986"
category = "main"
optional = false
python-versions = "*"
files = [
    {file = "rfc3986-1.5.0-py2.py3-none-any.whl", hash = "sha256:a86d6e1f5b1dc238b218b012df0aa79409667bb209e58da56d0b94704e712a97"},
    {file = "rfc3986-1.5.0.tar.gz", hash = "sha256:270aaf10d87d0d4e095063c65bf3ddbc6ee3d0b226328ce21e036f946e421835"},
]

[package.dependencies]
idna = {version = "*", optional = true, markers = "extra == \"idna2008\""}

[package.extras]
idna2008 = ["idna"]

[[package]]
name = "sniffio"
version = "1.3.0"
description = "Sniff out which async library your code is running under"
category = "main"
optional = false
python-versions = ">=3.7"
files = [
    {file = "sniffio-1.3.0-py3-none-any.whl", hash = "sha256:eecefdce1e5bbfb7ad2eeaabf7c1eeb404d7757c379bd1f7e5cce9d8bf425384"},
    {file = "sniffio-1.3.0.tar.gz", hash = "sha256:e60305c5e5d314f5389259b7f22aaa33d8f7dee49763119234af3755c55b9101"},
]

[metadata]
lock-version = "2.0"
python-versions = "^3.11"
content-hash = "87ae3433883fda3317f3914731075543baa215c4b4160460a4f7c51aa8612f65"
